
Microsoft Visual Studio Solution File, Format Version 12.00
# Visual Studio Version 16
VisualStudioVersion = 16.0.31025.194
MinimumVisualStudioVersion = 10.0.40219.1
Project("{FAE04EC0-301F-11D3-BF4B-00C04F79EFBC}") = "MVCUSERROLE", "MVCUSERROLE\MVCUSERROLE.csproj", "{B81C7D52-5119-43AC-B468-A7E0E295C4D3}"
EndProject
Global
	GlobalSection(SolutionConfigurationPlatforms) = preSolution
		Debug|Any CPU = Debug|Any CPU
		Release|Any CPU = Release|Any CPU
	EndGlobalSection
	GlobalSection(ProjectConfigurationPlatforms) = postSolution
		{B81C7D52-5119-43AC-B468-A7E0E295C4D3}.Debug|Any CPU.ActiveCfg = Debug|Any CPU
		{B81C7D52-5119-43AC-B468-A7E0E295C4D3}.Debug|Any CPU.Build.0 = Debug|Any CPU
		{B81C7D52-5119-43AC-B468-A7E0E295C4D3}.Release|Any CPU.ActiveCfg = Release|Any CPU
		{B81C7D52-5119-43AC-B468-A7E0E295C4D3}.Release|Any CPU.Build.0 = Release|Any CPU
	EndGlobalSection
	GlobalSection(SolutionProperties) = preSolution
		HideSolutionNode = FALSE
	EndGlobalSection
	GlobalSection(ExtensibilityGlobals) = postSolution
		SolutionGuid = {8D985947-5201-49EA-BE31-F1E7F9B80445}
	EndGlobalSection
EndGlobal
